
Microsoft Visual Studio Solution File, Format Version 12.00
# Visual Studio Version 17
VisualStudioVersion = 17.0.31903.59
MinimumVisualStudioVersion = 10.0.40219.1
Project("{2150E333-8FDC-42A3-9474-1A3956D46DE8}") = "src", "src", "{8D935BB7-1927-4945-B522-E4E855C13EF6}"
EndProject
Project("{2150E333-8FDC-42A3-9474-1A3956D46DE8}") = "shared", "shared", "{19800324-E51C-4FD3-94E8-94A40E455F4F}"
EndProject
Project("{2150E333-8FDC-42A3-9474-1A3956D46DE8}") = "management", "management", "{6CD9727A-ADCA-4DBF-AF2A-324EF0E333AD}"
EndProject
Project("{9A19103F-16F7-4668-BE54-9A1E7A4F7556}") = "BP-POC.Domain", "src\shared\BP-POC.Domain\BP-POC.Domain.csproj", "{269F2162-79EC-48D8-98AE-2F948A1FD838}"
EndProject
Project("{2150E333-8FDC-42A3-9474-1A3956D46DE8}") = "tests", "tests", "{E82E60E0-6CC3-4CE9-93B8-BFBAD98253AA}"
EndProject
Project("{9A19103F-16F7-4668-BE54-9A1E7A4F7556}") = "BP-POC.Domain.Tests", "tests\BP-POC.Domain.Tests\BP-POC.Domain.Tests.csproj", "{6F5F0C3B-E5AE-4DBA-AC69-E3C39FE175C8}"
EndProject
Project("{9A19103F-16F7-4668-BE54-9A1E7A4F7556}") = "BP-POC.Management.Shared", "src\management\BP-POC.Management.Shared\BP-POC.Management.Shared.csproj", "{FBEC6B1E-1E5C-4F7F-BA11-163DD32BC5E4}"
EndProject
Project("{9A19103F-16F7-4668-BE54-9A1E7A4F7556}") = "BP-POC.Persistence", "src\shared\BP-POC.Persistence\BP-POC.Persistence.csproj", "{5D69E5B4-8F1E-426D-8B27-9DFC50B6D0FA}"
EndProject
Project("{9A19103F-16F7-4668-BE54-9A1E7A4F7556}") = "BP-POC.Management.Services", "src\management\BP-POC.Management.Services\BP-POC.Management.Services.csproj", "{8E1FCA27-D0F6-4780-B4D4-460636F12FCC}"
EndProject
Project("{9A19103F-16F7-4668-BE54-9A1E7A4F7556}") = "BP-POC.Management.Api", "src\management\BP-POC.Management.Api\BP-POC.Management.Api.csproj", "{E7BC8E24-59E9-48DE-BDAE-B3E7183F2A83}"
EndProject
Project("{2150E333-8FDC-42A3-9474-1A3956D46DE8}") = "operations", "operations", "{3BF885E6-856C-4F9D-A02A-05E395F1C977}"
EndProject
Project("{9A19103F-16F7-4668-BE54-9A1E7A4F7556}") = "BP-POC.Operations.Shared", "src\operations\BP-POC.Operations.Shared\BP-POC.Operations.Shared.csproj", "{196207B9-1D9F-4800-BAD4-5DCCBC243C43}"
EndProject
Project("{9A19103F-16F7-4668-BE54-9A1E7A4F7556}") = "BP-POC.Operations.Services", "src\operations\BP-POC.Operations.Services\BP-POC.Operations.Services.csproj", "{08D4CD53-FE57-49BD-8EF2-549674C12BA9}"
EndProject
Project("{9A19103F-16F7-4668-BE54-9A1E7A4F7556}") = "BP-POC.Operations.Api", "src\operations\BP-POC.Operations.Api\BP-POC.Operations.Api.csproj", "{E08C8173-DE0B-420A-AF65-F1E6E3265DAD}"
EndProject
Project("{9A19103F-16F7-4668-BE54-9A1E7A4F7556}") = "BP-POC.Operations.Client", "src\operations\BP-POC.Operations.Client\BP-POC.Operations.Client.csproj", "{C5C080BA-1E19-41F1-AFC3-9EFFD107AE51}"
EndProject
Project("{2150E333-8FDC-42A3-9474-1A3956D46DE8}") = "reporting", "reporting", "{27996919-24F2-4AE8-ABA4-9DBF7F27625A}"
EndProject
Project("{FAE04EC0-301F-11D3-BF4B-00C04F79EFBC}") = "BP-POC.Reporting.Api", "src\reporting\BP-POC.Reporting.Api\BP-POC.Reporting.Api.csproj", "{8696DEBB-D543-4639-85F2-56B99FB88C96}"
EndProject
Project("{FAE04EC0-301F-11D3-BF4B-00C04F79EFBC}") = "BP-POC.Reporting.Shared", "src\reporting\BP-POC.Reporting.Shared\BP-POC.Reporting.Shared.csproj", "{47135116-34F8-48CC-A960-C342F4302FCA}"
EndProject
Project("{FAE04EC0-301F-11D3-BF4B-00C04F79EFBC}") = "BP-POC.Reporting.Services", "src\reporting\BP-POC.Reporting.Services\BP-POC.Reporting.Services.csproj", "{24E6BDD5-818D-4C40-B424-113FE9BF394E}"
EndProject
Global
	GlobalSection(SolutionConfigurationPlatforms) = preSolution
		Debug|Any CPU = Debug|Any CPU
		Release|Any CPU = Release|Any CPU
	EndGlobalSection
	GlobalSection(ProjectConfigurationPlatforms) = postSolution
		{269F2162-79EC-48D8-98AE-2F948A1FD838}.Debug|Any CPU.ActiveCfg = Debug|Any CPU
		{269F2162-79EC-48D8-98AE-2F948A1FD838}.Debug|Any CPU.Build.0 = Debug|Any CPU
		{269F2162-79EC-48D8-98AE-2F948A1FD838}.Release|Any CPU.ActiveCfg = Release|Any CPU
		{269F2162-79EC-48D8-98AE-2F948A1FD838}.Release|Any CPU.Build.0 = Release|Any CPU
		{6F5F0C3B-E5AE-4DBA-AC69-E3C39FE175C8}.Debug|Any CPU.ActiveCfg = Debug|Any CPU
		{6F5F0C3B-E5AE-4DBA-AC69-E3C39FE175C8}.Debug|Any CPU.Build.0 = Debug|Any CPU
		{6F5F0C3B-E5AE-4DBA-AC69-E3C39FE175C8}.Release|Any CPU.ActiveCfg = Release|Any CPU
		{6F5F0C3B-E5AE-4DBA-AC69-E3C39FE175C8}.Release|Any CPU.Build.0 = Release|Any CPU
		{FBEC6B1E-1E5C-4F7F-BA11-163DD32BC5E4}.Debug|Any CPU.ActiveCfg = Debug|Any CPU
		{FBEC6B1E-1E5C-4F7F-BA11-163DD32BC5E4}.Debug|Any CPU.Build.0 = Debug|Any CPU
		{FBEC6B1E-1E5C-4F7F-BA11-163DD32BC5E4}.Release|Any CPU.ActiveCfg = Release|Any CPU
		{FBEC6B1E-1E5C-4F7F-BA11-163DD32BC5E4}.Release|Any CPU.Build.0 = Release|Any CPU
		{5D69E5B4-8F1E-426D-8B27-9DFC50B6D0FA}.Debug|Any CPU.ActiveCfg = Debug|Any CPU
		{5D69E5B4-8F1E-426D-8B27-9DFC50B6D0FA}.Debug|Any CPU.Build.0 = Debug|Any CPU
		{5D69E5B4-8F1E-426D-8B27-9DFC50B6D0FA}.Release|Any CPU.ActiveCfg = Release|Any CPU
		{5D69E5B4-8F1E-426D-8B27-9DFC50B6D0FA}.Release|Any CPU.Build.0 = Release|Any CPU
		{8E1FCA27-D0F6-4780-B4D4-460636F12FCC}.Debug|Any CPU.ActiveCfg = Debug|Any CPU
		{8E1FCA27-D0F6-4780-B4D4-460636F12FCC}.Debug|Any CPU.Build.0 = Debug|Any CPU
		{8E1FCA27-D0F6-4780-B4D4-460636F12FCC}.Release|Any CPU.ActiveCfg = Release|Any CPU
		{8E1FCA27-D0F6-4780-B4D4-460636F12FCC}.Release|Any CPU.Build.0 = Release|Any CPU
		{E7BC8E24-59E9-48DE-BDAE-B3E7183F2A83}.Debug|Any CPU.ActiveCfg = Debug|Any CPU
		{E7BC8E24-59E9-48DE-BDAE-B3E7183F2A83}.Debug|Any CPU.Build.0 = Debug|Any CPU
		{E7BC8E24-59E9-48DE-BDAE-B3E7183F2A83}.Release|Any CPU.ActiveCfg = Release|Any CPU
		{E7BC8E24-59E9-48DE-BDAE-B3E7183F2A83}.Release|Any CPU.Build.0 = Release|Any CPU
		{196207B9-1D9F-4800-BAD4-5DCCBC243C43}.Debug|Any CPU.ActiveCfg = Debug|Any CPU
		{196207B9-1D9F-4800-BAD4-5DCCBC243C43}.Debug|Any CPU.Build.0 = Debug|Any CPU
		{196207B9-1D9F-4800-BAD4-5DCCBC243C43}.Release|Any CPU.ActiveCfg = Release|Any CPU
		{196207B9-1D9F-4800-BAD4-5DCCBC243C43}.Release|Any CPU.Build.0 = Release|Any CPU
		{08D4CD53-FE57-49BD-8EF2-549674C12BA9}.Debug|Any CPU.ActiveCfg = Debug|Any CPU
		{08D4CD53-FE57-49BD-8EF2-549674C12BA9}.Debug|Any CPU.Build.0 = Debug|Any CPU
		{08D4CD53-FE57-49BD-8EF2-549674C12BA9}.Release|Any CPU.ActiveCfg = Release|Any CPU
		{08D4CD53-FE57-49BD-8EF2-549674C12BA9}.Release|Any CPU.Build.0 = Release|Any CPU
		{E08C8173-DE0B-420A-AF65-F1E6E3265DAD}.Debug|Any CPU.ActiveCfg = Debug|Any CPU
		{E08C8173-DE0B-420A-AF65-F1E6E3265DAD}.Debug|Any CPU.Build.0 = Debug|Any CPU
		{E08C8173-DE0B-420A-AF65-F1E6E3265DAD}.Release|Any CPU.ActiveCfg = Release|Any CPU
		{E08C8173-DE0B-420A-AF65-F1E6E3265DAD}.Release|Any CPU.Build.0 = Release|Any CPU
		{C5C080BA-1E19-41F1-AFC3-9EFFD107AE51}.Debug|Any CPU.ActiveCfg = Debug|Any CPU
		{C5C080BA-1E19-41F1-AFC3-9EFFD107AE51}.Debug|Any CPU.Build.0 = Debug|Any CPU
		{C5C080BA-1E19-41F1-AFC3-9EFFD107AE51}.Debug|Any CPU.Deploy.0 = Debug|Any CPU
		{C5C080BA-1E19-41F1-AFC3-9EFFD107AE51}.Release|Any CPU.ActiveCfg = Release|Any CPU
		{C5C080BA-1E19-41F1-AFC3-9EFFD107AE51}.Release|Any CPU.Build.0 = Release|Any CPU
		{C5C080BA-1E19-41F1-AFC3-9EFFD107AE51}.Release|Any CPU.Deploy.0 = Release|Any CPU
		{8696DEBB-D543-4639-85F2-56B99FB88C96}.Debug|Any CPU.ActiveCfg = Debug|Any CPU
		{8696DEBB-D543-4639-85F2-56B99FB88C96}.Debug|Any CPU.Build.0 = Debug|Any CPU
		{8696DEBB-D543-4639-85F2-56B99FB88C96}.Release|Any CPU.ActiveCfg = Release|Any CPU
		{8696DEBB-D543-4639-85F2-56B99FB88C96}.Release|Any CPU.Build.0 = Release|Any CPU
		{47135116-34F8-48CC-A960-C342F4302FCA}.Debug|Any CPU.ActiveCfg = Debug|Any CPU
		{47135116-34F8-48CC-A960-C342F4302FCA}.Debug|Any CPU.Build.0 = Debug|Any CPU
		{47135116-34F8-48CC-A960-C342F4302FCA}.Release|Any CPU.ActiveCfg = Release|Any CPU
		{47135116-34F8-48CC-A960-C342F4302FCA}.Release|Any CPU.Build.0 = Release|Any CPU
		{24E6BDD5-818D-4C40-B424-113FE9BF394E}.Debug|Any CPU.ActiveCfg = Debug|Any CPU
		{24E6BDD5-818D-4C40-B424-113FE9BF394E}.Debug|Any CPU.Build.0 = Debug|Any CPU
		{24E6BDD5-818D-4C40-B424-113FE9BF394E}.Release|Any CPU.ActiveCfg = Release|Any CPU
		{24E6BDD5-818D-4C40-B424-113FE9BF394E}.Release|Any CPU.Build.0 = Release|Any CPU
	EndGlobalSection
	GlobalSection(SolutionProperties) = preSolution
		HideSolutionNode = FALSE
	EndGlobalSection
	GlobalSection(NestedProjects) = preSolution
		{19800324-E51C-4FD3-94E8-94A40E455F4F} = {8D935BB7-1927-4945-B522-E4E855C13EF6}
		{6CD9727A-ADCA-4DBF-AF2A-324EF0E333AD} = {8D935BB7-1927-4945-B522-E4E855C13EF6}
		{269F2162-79EC-48D8-98AE-2F948A1FD838} = {19800324-E51C-4FD3-94E8-94A40E455F4F}
		{6F5F0C3B-E5AE-4DBA-AC69-E3C39FE175C8} = {E82E60E0-6CC3-4CE9-93B8-BFBAD98253AA}
		{FBEC6B1E-1E5C-4F7F-BA11-163DD32BC5E4} = {6CD9727A-ADCA-4DBF-AF2A-324EF0E333AD}
		{5D69E5B4-8F1E-426D-8B27-9DFC50B6D0FA} = {19800324-E51C-4FD3-94E8-94A40E455F4F}
		{8E1FCA27-D0F6-4780-B4D4-460636F12FCC} = {6CD9727A-ADCA-4DBF-AF2A-324EF0E333AD}
		{E7BC8E24-59E9-48DE-BDAE-B3E7183F2A83} = {6CD9727A-ADCA-4DBF-AF2A-324EF0E333AD}
		{3BF885E6-856C-4F9D-A02A-05E395F1C977} = {8D935BB7-1927-4945-B522-E4E855C13EF6}
		{196207B9-1D9F-4800-BAD4-5DCCBC243C43} = {3BF885E6-856C-4F9D-A02A-05E395F1C977}
		{08D4CD53-FE57-49BD-8EF2-549674C12BA9} = {3BF885E6-856C-4F9D-A02A-05E395F1C977}
		{E08C8173-DE0B-420A-AF65-F1E6E3265DAD} = {3BF885E6-856C-4F9D-A02A-05E395F1C977}
		{C5C080BA-1E19-41F1-AFC3-9EFFD107AE51} = {3BF885E6-856C-4F9D-A02A-05E395F1C977}
		{27996919-24F2-4AE8-ABA4-9DBF7F27625A} = {8D935BB7-1927-4945-B522-E4E855C13EF6}
		{8696DEBB-D543-4639-85F2-56B99FB88C96} = {27996919-24F2-4AE8-ABA4-9DBF7F27625A}
		{47135116-34F8-48CC-A960-C342F4302FCA} = {27996919-24F2-4AE8-ABA4-9DBF7F27625A}
		{24E6BDD5-818D-4C40-B424-113FE9BF394E} = {27996919-24F2-4AE8-ABA4-9DBF7F27625A}
	EndGlobalSection
	GlobalSection(ExtensibilityGlobals) = postSolution
		SolutionGuid = {6B2CD9A9-59C8-4673-A9B7-0F5AF69AEDA1}
	EndGlobalSection
EndGlobal
